
Microsoft Visual Studio Solution File, Format Version 12.00
# Visual Studio Version 17
VisualStudioVersion = 17.13.35806.99 d17.13
MinimumVisualStudioVersion = 10.0.40219.1
Project("{FAE04EC0-301F-11D3-BF4B-00C04F79EFBC}") = "backend", "backend.csproj", "{CDC6BD70-9FA0-44B1-B61D-B10CCB8D7D0E}"
EndProject
Global
	GlobalSection(SolutionConfigurationPlatforms) = preSolution
		Debug|Any CPU = Debug|Any CPU
		Release|Any CPU = Release|Any CPU
	EndGlobalSection
	GlobalSection(ProjectConfigurationPlatforms) = postSolution
		{CDC6BD70-9FA0-44B1-B61D-B10CCB8D7D0E}.Debug|Any CPU.ActiveCfg = Debug|Any CPU
		{CDC6BD70-9FA0-44B1-B61D-B10CCB8D7D0E}.Debug|Any CPU.Build.0 = Debug|Any CPU
		{CDC6BD70-9FA0-44B1-B61D-B10CCB8D7D0E}.Release|Any CPU.ActiveCfg = Release|Any CPU
		{CDC6BD70-9FA0-44B1-B61D-B10CCB8D7D0E}.Release|Any CPU.Build.0 = Release|Any CPU
	EndGlobalSection
	GlobalSection(SolutionProperties) = preSolution
		HideSolutionNode = FALSE
	EndGlobalSection
	GlobalSection(ExtensibilityGlobals) = postSolution
		SolutionGuid = {A36184FB-917B-4360-B3F1-9E46182C02D9}
	EndGlobalSection
EndGlobal
